
Microsoft Visual Studio Solution File, Format Version 12.00
# Visual Studio Version 16
VisualStudioVersion = 16.0.30114.105
MinimumVisualStudioVersion = 10.0.40219.1
Project("{FAE04EC0-301F-11D3-BF4B-00C04F79EFBC}") = "TodoApi", "TodoApi\TodoApi.csproj", "{B2EF4E55-06C8-4E2C-AB30-C49CD8880904}"
EndProject
Project("{FAE04EC0-301F-11D3-BF4B-00C04F79EFBC}") = "TodoApi.DAL", "TodoApi.DAL\TodoApi.DAL.csproj", "{ADF735A5-779E-48AA-89D4-2C6C58E08718}"
EndProject
Project("{FAE04EC0-301F-11D3-BF4B-00C04F79EFBC}") = "TodoApi.Model", "TodoApi.Model\TodoApi.Model.csproj", "{0ED586C0-059E-4C99-BEE4-CD77EC59C599}"
EndProject
Global
	GlobalSection(SolutionConfigurationPlatforms) = preSolution
		Debug|Any CPU = Debug|Any CPU
		Release|Any CPU = Release|Any CPU
	EndGlobalSection
	GlobalSection(SolutionProperties) = preSolution
		HideSolutionNode = FALSE
	EndGlobalSection
	GlobalSection(ProjectConfigurationPlatforms) = postSolution
		{B2EF4E55-06C8-4E2C-AB30-C49CD8880904}.Debug|Any CPU.ActiveCfg = Debug|Any CPU
		{B2EF4E55-06C8-4E2C-AB30-C49CD8880904}.Debug|Any CPU.Build.0 = Debug|Any CPU
		{B2EF4E55-06C8-4E2C-AB30-C49CD8880904}.Release|Any CPU.ActiveCfg = Release|Any CPU
		{B2EF4E55-06C8-4E2C-AB30-C49CD8880904}.Release|Any CPU.Build.0 = Release|Any CPU
		{ADF735A5-779E-48AA-89D4-2C6C58E08718}.Debug|Any CPU.ActiveCfg = Debug|Any CPU
		{ADF735A5-779E-48AA-89D4-2C6C58E08718}.Debug|Any CPU.Build.0 = Debug|Any CPU
		{ADF735A5-779E-48AA-89D4-2C6C58E08718}.Release|Any CPU.ActiveCfg = Release|Any CPU
		{ADF735A5-779E-48AA-89D4-2C6C58E08718}.Release|Any CPU.Build.0 = Release|Any CPU
		{0ED586C0-059E-4C99-BEE4-CD77EC59C599}.Debug|Any CPU.ActiveCfg = Debug|Any CPU
		{0ED586C0-059E-4C99-BEE4-CD77EC59C599}.Debug|Any CPU.Build.0 = Debug|Any CPU
		{0ED586C0-059E-4C99-BEE4-CD77EC59C599}.Release|Any CPU.ActiveCfg = Release|Any CPU
		{0ED586C0-059E-4C99-BEE4-CD77EC59C599}.Release|Any CPU.Build.0 = Release|Any CPU
	EndGlobalSection
EndGlobal
